
Microsoft Visual Studio Solution File, Format Version 12.00
# Visual Studio Version 17
VisualStudioVersion = 17.1.32421.90
MinimumVisualStudioVersion = 10.0.40219.1
Project("{8BC9CEB8-8B4A-11D0-8D11-00A0C91BC942}") = "TODO ULTIMATE V Poland", "TODO ULTIMATE V Poland\TODO ULTIMATE V Poland.vcxproj", "{A722DAF2-C710-47BA-BFC6-7BFB3203ABC6}"
EndProject
Global
	GlobalSection(SolutionConfigurationPlatforms) = preSolution
		Debug|x64 = Debug|x64
		Debug|x86 = Debug|x86
		Release|x64 = Release|x64
		Release|x86 = Release|x86
	EndGlobalSection
	GlobalSection(ProjectConfigurationPlatforms) = postSolution
		{A722DAF2-C710-47BA-BFC6-7BFB3203ABC6}.Debug|x64.ActiveCfg = Debug|x64
		{A722DAF2-C710-47BA-BFC6-7BFB3203ABC6}.Debug|x64.Build.0 = Debug|x64
		{A722DAF2-C710-47BA-BFC6-7BFB3203ABC6}.Debug|x86.ActiveCfg = Debug|Win32
		{A722DAF2-C710-47BA-BFC6-7BFB3203ABC6}.Debug|x86.Build.0 = Debug|Win32
		{A722DAF2-C710-47BA-BFC6-7BFB3203ABC6}.Release|x64.ActiveCfg = Release|x64
		{A722DAF2-C710-47BA-BFC6-7BFB3203ABC6}.Release|x64.Build.0 = Release|x64
		{A722DAF2-C710-47BA-BFC6-7BFB3203ABC6}.Release|x86.ActiveCfg = Release|Win32
		{A722DAF2-C710-47BA-BFC6-7BFB3203ABC6}.Release|x86.Build.0 = Release|Win32
	EndGlobalSection
	GlobalSection(SolutionProperties) = preSolution
		HideSolutionNode = FALSE
	EndGlobalSection
	GlobalSection(ExtensibilityGlobals) = postSolution
		SolutionGuid = {318FEE91-FD5A-418B-A64B-1135D585E21D}
	EndGlobalSection
EndGlobal
